
Microsoft Visual Studio Solution File, Format Version 12.00
# Visual Studio 15
VisualStudioVersion = 15.0.28307.329
MinimumVisualStudioVersion = 10.0.40219.1
Project("{9A19103F-16F7-4668-BE54-9A1E7A4F7556}") = "ProjetoOficina", "ProjetoOficina.csproj", "{95B6D873-CC47-4160-8EE5-139A570B1912}"
EndProject
Global
	GlobalSection(SolutionConfigurationPlatforms) = preSolution
		Debug|Any CPU = Debug|Any CPU
		Release|Any CPU = Release|Any CPU
	EndGlobalSection
	GlobalSection(ProjectConfigurationPlatforms) = postSolution
		{95B6D873-CC47-4160-8EE5-139A570B1912}.Debug|Any CPU.ActiveCfg = Debug|Any CPU
		{95B6D873-CC47-4160-8EE5-139A570B1912}.Debug|Any CPU.Build.0 = Debug|Any CPU
		{95B6D873-CC47-4160-8EE5-139A570B1912}.Release|Any CPU.ActiveCfg = Release|Any CPU
		{95B6D873-CC47-4160-8EE5-139A570B1912}.Release|Any CPU.Build.0 = Release|Any CPU
	EndGlobalSection
	GlobalSection(SolutionProperties) = preSolution
		HideSolutionNode = FALSE
	EndGlobalSection
	GlobalSection(ExtensibilityGlobals) = postSolution
		SolutionGuid = {7C8F6324-DF15-4245-8549-36C646FC0AED}
	EndGlobalSection
EndGlobal
